
Microsoft Visual Studio Solution File, Format Version 12.00
# Visual Studio Version 16
VisualStudioVersion = 16.0.31402.337
MinimumVisualStudioVersion = 10.0.40219.1
Project("{FAE04EC0-301F-11D3-BF4B-00C04F79EFBC}") = "Twatter", "Twatter\Twatter.csproj", "{30530CF6-76BC-4107-87F6-66B43ECBB059}"
EndProject
Global
	GlobalSection(SolutionConfigurationPlatforms) = preSolution
		Debug|Any CPU = Debug|Any CPU
		Release|Any CPU = Release|Any CPU
	EndGlobalSection
	GlobalSection(ProjectConfigurationPlatforms) = postSolution
		{30530CF6-76BC-4107-87F6-66B43ECBB059}.Debug|Any CPU.ActiveCfg = Debug|Any CPU
		{30530CF6-76BC-4107-87F6-66B43ECBB059}.Debug|Any CPU.Build.0 = Debug|Any CPU
		{30530CF6-76BC-4107-87F6-66B43ECBB059}.Release|Any CPU.ActiveCfg = Release|Any CPU
		{30530CF6-76BC-4107-87F6-66B43ECBB059}.Release|Any CPU.Build.0 = Release|Any CPU
	EndGlobalSection
	GlobalSection(SolutionProperties) = preSolution
		HideSolutionNode = FALSE
	EndGlobalSection
	GlobalSection(ExtensibilityGlobals) = postSolution
		SolutionGuid = {D44407C8-6FD7-4C6E-B835-17D22B3BDBD0}
	EndGlobalSection
EndGlobal
